// !$*UTF8*$!
{
	archiveVersion = 1;
	classes = {
	};
	objectVersion = 56;
	objects = {

/* Begin PBXBuildFile section */
		D91E33522B76786B00352AF4 /* NewContact.swift in Sources */ = {isa = PBXBuildFile; fileRef = D91E33512B76786B00352AF4 /* NewContact.swift */; };
		D91E33542B767B0500352AF4 /* Contacts-Sample.swift in Sources */ = {isa = PBXBuildFile; fileRef = D91E33532B767B0500352AF4 /* Contacts-Sample.swift */; };
		D91E33562B767B1D00352AF4 /* ContactView.swift in Sources */ = {isa = PBXBuildFile; fileRef = D91E33552B767B1D00352AF4 /* ContactView.swift */; };
		D91E33582B767C2F00352AF4 /* Contact.swift in Sources */ = {isa = PBXBuildFile; fileRef = D91E33572B767C2F00352AF4 /* Contact.swift */; };
		D9428E232B7A581600CBC194 /* ConnectedDeviceView.swift in Sources */ = {isa = PBXBuildFile; fileRef = D9428E222B7A581600CBC194 /* ConnectedDeviceView.swift */; };
		D946042F2B8250F300E3002F /* PreferencesView.swift in Sources */ = {isa = PBXBuildFile; fileRef = D946042E2B8250F300E3002F /* PreferencesView.swift */; };
		D9472B3A2BF254B00032DEF4 /* Details.swift in Sources */ = {isa = PBXBuildFile; fileRef = D9472B392BF254B00032DEF4 /* Details.swift */; };
		D9472B3C2BF255330032DEF4 /* Appearance.swift in Sources */ = {isa = PBXBuildFile; fileRef = D9472B3B2BF255330032DEF4 /* Appearance.swift */; };
		D9472B3E2BF255370032DEF4 /* Language.swift in Sources */ = {isa = PBXBuildFile; fileRef = D9472B3D2BF255370032DEF4 /* Language.swift */; };
		D9472B402BF28D400032DEF4 /* DetailRow.swift in Sources */ = {isa = PBXBuildFile; fileRef = D9472B3F2BF28D400032DEF4 /* DetailRow.swift */; };
		D970A3F12B6414AB00F3FF5E /* RecentFalls.swift in Sources */ = {isa = PBXBuildFile; fileRef = D970A3F02B6414AB00F3FF5E /* RecentFalls.swift */; };
		D983ACB32B78EA3400BD3DCB /* SectionRowView.swift in Sources */ = {isa = PBXBuildFile; fileRef = D983ACB22B78EA3400BD3DCB /* SectionRowView.swift */; };
		D994BF5C2B76855300D37D97 /* ContactManager.swift in Sources */ = {isa = PBXBuildFile; fileRef = D994BF5B2B76855300D37D97 /* ContactManager.swift */; };
		D9A66ABE2AE6E85F00F1D91F /* Home.swift in Sources */ = {isa = PBXBuildFile; fileRef = D9A66ABD2AE6E85F00F1D91F /* Home.swift */; };
		D9AB72532AE3AC1000236FED /* AI_SentinelApp.swift in Sources */ = {isa = PBXBuildFile; fileRef = D9AB72522AE3AC1000236FED /* AI_SentinelApp.swift */; };
		D9AB72552AE3AC1000236FED /* ContentView.swift in Sources */ = {isa = PBXBuildFile; fileRef = D9AB72542AE3AC1000236FED /* ContentView.swift */; };
		D9AB72572AE3AC1200236FED /* Assets.xcassets in Resources */ = {isa = PBXBuildFile; fileRef = D9AB72562AE3AC1200236FED /* Assets.xcassets */; };
		D9AB725A2AE3AC1200236FED /* Preview Assets.xcassets in Resources */ = {isa = PBXBuildFile; fileRef = D9AB72592AE3AC1200236FED /* Preview Assets.xcassets */; };
		D9AB72602AE3AC1200236FED /* AI-Sentinel Watch App.app in Embed Watch Content */ = {isa = PBXBuildFile; fileRef = D9AB725F2AE3AC1200236FED /* AI-Sentinel Watch App.app */; settings = {ATTRIBUTES = (RemoveHeadersOnCopy, ); }; };
		D9AB72652AE3AC1200236FED /* AI_SentinelApp.swift in Sources */ = {isa = PBXBuildFile; fileRef = D9AB72642AE3AC1200236FED /* AI_SentinelApp.swift */; };
		D9AB72672AE3AC1200236FED /* ContentView.swift in Sources */ = {isa = PBXBuildFile; fileRef = D9AB72662AE3AC1200236FED /* ContentView.swift */; };
		D9AB72692AE3AC1300236FED /* Assets.xcassets in Resources */ = {isa = PBXBuildFile; fileRef = D9AB72682AE3AC1300236FED /* Assets.xcassets */; };
		D9AB726C2AE3AC1300236FED /* Preview Assets.xcassets in Resources */ = {isa = PBXBuildFile; fileRef = D9AB726B2AE3AC1300236FED /* Preview Assets.xcassets */; };
		D9DCE99E2B5445E300A26935 /* FallDetectionView.swift in Sources */ = {isa = PBXBuildFile; fileRef = D9DCE99D2B5445E300A26935 /* FallDetectionView.swift */; };
		D9DCE9A02B54460400A26935 /* EmergencyPreferenceView.swift in Sources */ = {isa = PBXBuildFile; fileRef = D9DCE99F2B54460400A26935 /* EmergencyPreferenceView.swift */; };
		D9DCE9A42B54465300A26935 /* Profile.swift in Sources */ = {isa = PBXBuildFile; fileRef = D9DCE9A32B54465300A26935 /* Profile.swift */; };
/* End PBXBuildFile section */

/* Begin PBXContainerItemProxy section */
		D96A08432B492875000E8AFC /* PBXContainerItemProxy */ = {
			isa = PBXContainerItemProxy;
			containerPortal = D9AB72472AE3AC1000236FED /* Project object */;
			proxyType = 1;
			remoteGlobalIDString = D9AB725E2AE3AC1200236FED;
			remoteInfo = "AI-Sentinel Watch App";
		};
		D9AB72612AE3AC1200236FED /* PBXContainerItemProxy */ = {
			isa = PBXContainerItemProxy;
			containerPortal = D9AB72472AE3AC1000236FED /* Project object */;
			proxyType = 1;
			remoteGlobalIDString = D9AB725E2AE3AC1200236FED;
			remoteInfo = "AI-Sentinel Watch App";
		};
/* End PBXContainerItemProxy section */

/* Begin PBXCopyFilesBuildPhase section */
		D9AB72722AE3AC1300236FED /* Embed Watch Content */ = {
			isa = PBXCopyFilesBuildPhase;
			buildActionMask = 2147483647;
			dstPath = "$(CONTENTS_FOLDER_PATH)/Watch";
			dstSubfolderSpec = 16;
			files = (
				D9AB72602AE3AC1200236FED /* AI-Sentinel Watch App.app in Embed Watch Content */,
			);
			name = "Embed Watch Content";
			runOnlyForDeploymentPostprocessing = 0;
		};
/* End PBXCopyFilesBuildPhase section */

/* Begin PBXFileReference section */
		D91E33512B76786B00352AF4 /* NewContact.swift */ = {isa = PBXFileReference; lastKnownFileType = sourcecode.swift; path = NewContact.swift; sourceTree = "<group>"; };
		D91E33532B767B0500352AF4 /* Contacts-Sample.swift */ = {isa = PBXFileReference; lastKnownFileType = sourcecode.swift; path = "Contacts-Sample.swift"; sourceTree = "<group>"; };
		D91E33552B767B1D00352AF4 /* ContactView.swift */ = {isa = PBXFileReference; lastKnownFileType = sourcecode.swift; path = ContactView.swift; sourceTree = "<group>"; };
		D91E33572B767C2F00352AF4 /* Contact.swift */ = {isa = PBXFileReference; lastKnownFileType = sourcecode.swift; path = Contact.swift; sourceTree = "<group>"; };
		D9428E222B7A581600CBC194 /* ConnectedDeviceView.swift */ = {isa = PBXFileReference; lastKnownFileType = sourcecode.swift; path = ConnectedDeviceView.swift; sourceTree = "<group>"; };
		D946042E2B8250F300E3002F /* PreferencesView.swift */ = {isa = PBXFileReference; lastKnownFileType = sourcecode.swift; path = PreferencesView.swift; sourceTree = "<group>"; };
		D9472B392BF254B00032DEF4 /* Details.swift */ = {isa = PBXFileReference; lastKnownFileType = sourcecode.swift; path = Details.swift; sourceTree = "<group>"; };
		D9472B3B2BF255330032DEF4 /* Appearance.swift */ = {isa = PBXFileReference; lastKnownFileType = sourcecode.swift; path = Appearance.swift; sourceTree = "<group>"; };
		D9472B3D2BF255370032DEF4 /* Language.swift */ = {isa = PBXFileReference; lastKnownFileType = sourcecode.swift; path = Language.swift; sourceTree = "<group>"; };
		D9472B3F2BF28D400032DEF4 /* DetailRow.swift */ = {isa = PBXFileReference; lastKnownFileType = sourcecode.swift; path = DetailRow.swift; sourceTree = "<group>"; };
		D970A3F02B6414AB00F3FF5E /* RecentFalls.swift */ = {isa = PBXFileReference; lastKnownFileType = sourcecode.swift; path = RecentFalls.swift; sourceTree = "<group>"; };
		D983ACB22B78EA3400BD3DCB /* SectionRowView.swift */ = {isa = PBXFileReference; lastKnownFileType = sourcecode.swift; path = SectionRowView.swift; sourceTree = "<group>"; };
		D994BF5B2B76855300D37D97 /* ContactManager.swift */ = {isa = PBXFileReference; lastKnownFileType = sourcecode.swift; path = ContactManager.swift; sourceTree = "<group>"; };
		D9A66ABD2AE6E85F00F1D91F /* Home.swift */ = {isa = PBXFileReference; lastKnownFileType = sourcecode.swift; path = Home.swift; sourceTree = "<group>"; };
		D9AB724F2AE3AC1000236FED /* AI-Sentinel.app */ = {isa = PBXFileReference; explicitFileType = wrapper.application; includeInIndex = 0; path = "AI-Sentinel.app"; sourceTree = BUILT_PRODUCTS_DIR; };
		D9AB72522AE3AC1000236FED /* AI_SentinelApp.swift */ = {isa = PBXFileReference; lastKnownFileType = sourcecode.swift; path = AI_SentinelApp.swift; sourceTree = "<group>"; };
		D9AB72542AE3AC1000236FED /* ContentView.swift */ = {isa = PBXFileReference; lastKnownFileType = sourcecode.swift; path = ContentView.swift; sourceTree = "<group>"; };
		D9AB72562AE3AC1200236FED /* Assets.xcassets */ = {isa = PBXFileReference; lastKnownFileType = folder.assetcatalog; path = Assets.xcassets; sourceTree = "<group>"; };
		D9AB72592AE3AC1200236FED /* Preview Assets.xcassets */ = {isa = PBXFileReference; lastKnownFileType = folder.assetcatalog; path = "Preview Assets.xcassets"; sourceTree = "<group>"; };
		D9AB725F2AE3AC1200236FED /* AI-Sentinel Watch App.app */ = {isa = PBXFileReference; explicitFileType = wrapper.application; includeInIndex = 0; path = "AI-Sentinel Watch App.app"; sourceTree = BUILT_PRODUCTS_DIR; };
		D9AB72642AE3AC1200236FED /* AI_SentinelApp.swift */ = {isa = PBXFileReference; lastKnownFileType = sourcecode.swift; path = AI_SentinelApp.swift; sourceTree = "<group>"; };
		D9AB72662AE3AC1200236FED /* ContentView.swift */ = {isa = PBXFileReference; lastKnownFileType = sourcecode.swift; path = ContentView.swift; sourceTree = "<group>"; };
		D9AB72682AE3AC1300236FED /* Assets.xcassets */ = {isa = PBXFileReference; lastKnownFileType = folder.assetcatalog; path = Assets.xcassets; sourceTree = "<group>"; };
		D9AB726B2AE3AC1300236FED /* Preview Assets.xcassets */ = {isa = PBXFileReference; lastKnownFileType = folder.assetcatalog; path = "Preview Assets.xcassets"; sourceTree = "<group>"; };
		D9DCE99D2B5445E300A26935 /* FallDetectionView.swift */ = {isa = PBXFileReference; lastKnownFileType = sourcecode.swift; path = FallDetectionView.swift; sourceTree = "<group>"; };
		D9DCE99F2B54460400A26935 /* EmergencyPreferenceView.swift */ = {isa = PBXFileReference; lastKnownFileType = sourcecode.swift; path = EmergencyPreferenceView.swift; sourceTree = "<group>"; };
		D9DCE9A32B54465300A26935 /* Profile.swift */ = {isa = PBXFileReference; lastKnownFileType = sourcecode.swift; path = Profile.swift; sourceTree = "<group>"; };
/* End PBXFileReference section */

/* Begin PBXFrameworksBuildPhase section */
		D9AB724C2AE3AC1000236FED /* Frameworks */ = {
			isa = PBXFrameworksBuildPhase;
			buildActionMask = 2147483647;
			files = (
			);
			runOnlyForDeploymentPostprocessing = 0;
		};
		D9AB725C2AE3AC1200236FED /* Frameworks */ = {
			isa = PBXFrameworksBuildPhase;
			buildActionMask = 2147483647;
			files = (
			);
			runOnlyForDeploymentPostprocessing = 0;
		};
/* End PBXFrameworksBuildPhase section */

/* Begin PBXGroup section */
		D91E33502B76784E00352AF4 /* Contacts */ = {
			isa = PBXGroup;
			children = (
				D91E33512B76786B00352AF4 /* NewContact.swift */,
				D91E33532B767B0500352AF4 /* Contacts-Sample.swift */,
				D91E33552B767B1D00352AF4 /* ContactView.swift */,
				D91E33572B767C2F00352AF4 /* Contact.swift */,
				D994BF5B2B76855300D37D97 /* ContactManager.swift */,
			);
			path = Contacts;
			sourceTree = "<group>";
		};
		D94604302B82510800E3002F /* PreferencesPage */ = {
			isa = PBXGroup;
			children = (
				D9428E222B7A581600CBC194 /* ConnectedDeviceView.swift */,
				D946042E2B8250F300E3002F /* PreferencesView.swift */,
			);
			path = PreferencesPage;
			sourceTree = "<group>";
		};
		D9472B382BF254A20032DEF4 /* Settings */ = {
			isa = PBXGroup;
			children = (
				D9472B392BF254B00032DEF4 /* Details.swift */,
				D9472B3B2BF255330032DEF4 /* Appearance.swift */,
				D9472B3D2BF255370032DEF4 /* Language.swift */,
				D9472B3F2BF28D400032DEF4 /* DetailRow.swift */,
			);
			path = Settings;
			sourceTree = "<group>";
		};
		D96A08422B492875000E8AFC /* Frameworks */ = {
			isa = PBXGroup;
			children = (
			);
			name = Frameworks;
			sourceTree = "<group>";
		};
		D9A66AB92AE6E81100F1D91F /* Main Views */ = {
			isa = PBXGroup;
			children = (
				D9DCE9992B543B9F00A26935 /* Home-Page */,
				D9DCE99A2B543BC900A26935 /* Fall-Detection */,
				D9DCE99B2B543BF000A26935 /* Fall-Preference */,
				D9DCE99C2B543C1B00A26935 /* Profile-Settings */,
			);
			path = "Main Views";
			sourceTree = "<group>";
		};
		D9AB72462AE3AC1000236FED = {
			isa = PBXGroup;
			children = (
				D9AB72512AE3AC1000236FED /* AI-Sentinel */,
				D9AB72632AE3AC1200236FED /* AI-Sentinel Watch App */,
				D9AB72502AE3AC1000236FED /* Products */,
				D96A08422B492875000E8AFC /* Frameworks */,
			);
			sourceTree = "<group>";
		};
		D9AB72502AE3AC1000236FED /* Products */ = {
			isa = PBXGroup;
			children = (
				D9AB724F2AE3AC1000236FED /* AI-Sentinel.app */,
				D9AB725F2AE3AC1200236FED /* AI-Sentinel Watch App.app */,
			);
			name = Products;
			sourceTree = "<group>";
		};
		D9AB72512AE3AC1000236FED /* AI-Sentinel */ = {
			isa = PBXGroup;
			children = (
				D9AB72522AE3AC1000236FED /* AI_SentinelApp.swift */,
				D9AB72542AE3AC1000236FED /* ContentView.swift */,
				D9A66AB92AE6E81100F1D91F /* Main Views */,
				D9DCE9A52B54467B00A26935 /* Components */,
				D9AB72562AE3AC1200236FED /* Assets.xcassets */,
				D9AB72582AE3AC1200236FED /* Preview Content */,
			);
			path = "AI-Sentinel";
			sourceTree = "<group>";
		};
		D9AB72582AE3AC1200236FED /* Preview Content */ = {
			isa = PBXGroup;
			children = (
				D9AB72592AE3AC1200236FED /* Preview Assets.xcassets */,
			);
			path = "Preview Content";
			sourceTree = "<group>";
		};
		D9AB72632AE3AC1200236FED /* AI-Sentinel Watch App */ = {
			isa = PBXGroup;
			children = (
				D9AB72642AE3AC1200236FED /* AI_SentinelApp.swift */,
				D9AB72662AE3AC1200236FED /* ContentView.swift */,
				D9AB72682AE3AC1300236FED /* Assets.xcassets */,
				D9AB726A2AE3AC1300236FED /* Preview Content */,
			);
			path = "AI-Sentinel Watch App";
			sourceTree = "<group>";
		};
		D9AB726A2AE3AC1300236FED /* Preview Content */ = {
			isa = PBXGroup;
			children = (
				D9AB726B2AE3AC1300236FED /* Preview Assets.xcassets */,
			);
			path = "Preview Content";
			sourceTree = "<group>";
		};
		D9DCE9992B543B9F00A26935 /* Home-Page */ = {
			isa = PBXGroup;
			children = (
				D9A66ABD2AE6E85F00F1D91F /* Home.swift */,
			);
			path = "Home-Page";
			sourceTree = "<group>";
		};
		D9DCE99A2B543BC900A26935 /* Fall-Detection */ = {
			isa = PBXGroup;
			children = (
				D9DCE99D2B5445E300A26935 /* FallDetectionView.swift */,
			);
			path = "Fall-Detection";
			sourceTree = "<group>";
		};
		D9DCE99B2B543BF000A26935 /* Fall-Preference */ = {
			isa = PBXGroup;
			children = (
				D9DCE99F2B54460400A26935 /* EmergencyPreferenceView.swift */,
			);
			path = "Fall-Preference";
			sourceTree = "<group>";
		};
		D9DCE99C2B543C1B00A26935 /* Profile-Settings */ = {
			isa = PBXGroup;
			children = (
				D9DCE9A32B54465300A26935 /* Profile.swift */,
				D9472B382BF254A20032DEF4 /* Settings */,
			);
			path = "Profile-Settings";
			sourceTree = "<group>";
		};
		D9DCE9A52B54467B00A26935 /* Components */ = {
			isa = PBXGroup;
			children = (
				D94604302B82510800E3002F /* PreferencesPage */,
				D91E33502B76784E00352AF4 /* Contacts */,
				D970A3F02B6414AB00F3FF5E /* RecentFalls.swift */,
				D983ACB22B78EA3400BD3DCB /* SectionRowView.swift */,
			);
			path = Components;
			sourceTree = "<group>";
		};
/* End PBXGroup section */

/* Begin PBXNativeTarget section */
		D9AB724E2AE3AC1000236FED /* AI-Sentinel */ = {
			isa = PBXNativeTarget;
			buildConfigurationList = D9AB72732AE3AC1300236FED /* Build configuration list for PBXNativeTarget "AI-Sentinel" */;
			buildPhases = (
				D9AB724B2AE3AC1000236FED /* Sources */,
				D9AB724C2AE3AC1000236FED /* Frameworks */,
				D9AB724D2AE3AC1000236FED /* Resources */,
				D9AB72722AE3AC1300236FED /* Embed Watch Content */,
			);
			buildRules = (
			);
			dependencies = (
				D9AB72622AE3AC1200236FED /* PBXTargetDependency */,
				D96A08442B492875000E8AFC /* PBXTargetDependency */,
			);
			name = "AI-Sentinel";
			productName = "AI-Sentinel";
			productReference = D9AB724F2AE3AC1000236FED /* AI-Sentinel.app */;
			productType = "com.apple.product-type.application";
		};
		D9AB725E2AE3AC1200236FED /* AI-Sentinel Watch App */ = {
			isa = PBXNativeTarget;
			buildConfigurationList = D9AB726F2AE3AC1300236FED /* Build configuration list for PBXNativeTarget "AI-Sentinel Watch App" */;
			buildPhases = (
				D9AB725B2AE3AC1200236FED /* Sources */,
				D9AB725C2AE3AC1200236FED /* Frameworks */,
				D9AB725D2AE3AC1200236FED /* Resources */,
			);
			buildRules = (
			);
			dependencies = (
			);
			name = "AI-Sentinel Watch App";
			productName = "AI-Sentinel Watch App";
			productReference = D9AB725F2AE3AC1200236FED /* AI-Sentinel Watch App.app */;
			productType = "com.apple.product-type.application";
		};
/* End PBXNativeTarget section */

/* Begin PBXProject section */
		D9AB72472AE3AC1000236FED /* Project object */ = {
			isa = PBXProject;
			attributes = {
				BuildIndependentTargetsInParallel = 1;
				LastSwiftUpdateCheck = 1500;
				LastUpgradeCheck = 1500;
				TargetAttributes = {
					D9AB724E2AE3AC1000236FED = {
						CreatedOnToolsVersion = 15.0;
					};
					D9AB725E2AE3AC1200236FED = {
						CreatedOnToolsVersion = 15.0;
					};
				};
			};
			buildConfigurationList = D9AB724A2AE3AC1000236FED /* Build configuration list for PBXProject "AI-Sentinel" */;
			compatibilityVersion = "Xcode 14.0";
			developmentRegion = en;
			hasScannedForEncodings = 0;
			knownRegions = (
				en,
				Base,
			);
			mainGroup = D9AB72462AE3AC1000236FED;
			productRefGroup = D9AB72502AE3AC1000236FED /* Products */;
			projectDirPath = "";
			projectRoot = "";
			targets = (
				D9AB724E2AE3AC1000236FED /* AI-Sentinel */,
				D9AB725E2AE3AC1200236FED /* AI-Sentinel Watch App */,
			);
		};
/* End PBXProject section */

/* Begin PBXResourcesBuildPhase section */
		D9AB724D2AE3AC1000236FED /* Resources */ = {
			isa = PBXResourcesBuildPhase;
			buildActionMask = 2147483647;
			files = (
				D9AB725A2AE3AC1200236FED /* Preview Assets.xcassets in Resources */,
				D9AB72572AE3AC1200236FED /* Assets.xcassets in Resources */,
			);
			runOnlyForDeploymentPostprocessing = 0;
		};
		D9AB725D2AE3AC1200236FED /* Resources */ = {
			isa = PBXResourcesBuildPhase;
			buildActionMask = 2147483647;
			files = (
				D9AB726C2AE3AC1300236FED /* Preview Assets.xcassets in Resources */,
				D9AB72692AE3AC1300236FED /* Assets.xcassets in Resources */,
			);
			runOnlyForDeploymentPostprocessing = 0;
		};
/* End PBXResourcesBuildPhase section */

/* Begin PBXSourcesBuildPhase section */
		D9AB724B2AE3AC1000236FED /* Sources */ = {
			isa = PBXSourcesBuildPhase;
			buildActionMask = 2147483647;
			files = (
				D91E33582B767C2F00352AF4 /* Contact.swift in Sources */,
				D9AB72552AE3AC1000236FED /* ContentView.swift in Sources */,
				D9DCE9A42B54465300A26935 /* Profile.swift in Sources */,
				D9472B3E2BF255370032DEF4 /* Language.swift in Sources */,
				D983ACB32B78EA3400BD3DCB /* SectionRowView.swift in Sources */,
				D9428E232B7A581600CBC194 /* ConnectedDeviceView.swift in Sources */,
				D9472B3C2BF255330032DEF4 /* Appearance.swift in Sources */,
				D9DCE9A02B54460400A26935 /* EmergencyPreferenceView.swift in Sources */,
				D970A3F12B6414AB00F3FF5E /* RecentFalls.swift in Sources */,
				D9A66ABE2AE6E85F00F1D91F /* Home.swift in Sources */,
				D91E33562B767B1D00352AF4 /* ContactView.swift in Sources */,
				D91E33522B76786B00352AF4 /* NewContact.swift in Sources */,
				D946042F2B8250F300E3002F /* PreferencesView.swift in Sources */,
				D9AB72532AE3AC1000236FED /* AI_SentinelApp.swift in Sources */,
				D91E33542B767B0500352AF4 /* Contacts-Sample.swift in Sources */,
				D994BF5C2B76855300D37D97 /* ContactManager.swift in Sources */,
				D9472B3A2BF254B00032DEF4 /* Details.swift in Sources */,
				D9DCE99E2B5445E300A26935 /* FallDetectionView.swift in Sources */,
				D9472B402BF28D400032DEF4 /* DetailRow.swift in Sources */,
			);
			runOnlyForDeploymentPostprocessing = 0;
		};
		D9AB725B2AE3AC1200236FED /* Sources */ = {
			isa = PBXSourcesBuildPhase;
			buildActionMask = 2147483647;
			files = (
				D9AB72672AE3AC1200236FED /* ContentView.swift in Sources */,
				D9AB72652AE3AC1200236FED /* AI_SentinelApp.swift in Sources */,
			);
			runOnlyForDeploymentPostprocessing = 0;
		};
/* End PBXSourcesBuildPhase section */

/* Begin PBXTargetDependency section */
		D96A08442B492875000E8AFC /* PBXTargetDependency */ = {
			isa = PBXTargetDependency;
			target = D9AB725E2AE3AC1200236FED /* AI-Sentinel Watch App */;
			targetProxy = D96A08432B492875000E8AFC /* PBXContainerItemProxy */;
		};
		D9AB72622AE3AC1200236FED /* PBXTargetDependency */ = {
			isa = PBXTargetDependency;
			target = D9AB725E2AE3AC1200236FED /* AI-Sentinel Watch App */;
			targetProxy = D9AB72612AE3AC1200236FED /* PBXContainerItemProxy */;
		};
/* End PBXTargetDependency section */

/* Begin XCBuildConfiguration section */
		D9AB726D2AE3AC1300236FED /* Debug */ = {
			isa = XCBuildConfiguration;
			buildSettings = {
				ALWAYS_SEARCH_USER_PATHS = NO;
				ASSETCATALOG_COMPILER_GENERATE_SWIFT_ASSET_SYMBOL_EXTENSIONS = YES;
				CLANG_ANALYZER_NONNULL = YES;
				CLANG_ANALYZER_NUMBER_OBJECT_CONVERSION = YES_AGGRESSIVE;
				CLANG_CXX_LANGUAGE_STANDARD = "gnu++20";
				CLANG_ENABLE_MODULES = YES;
				CLANG_ENABLE_OBJC_ARC = YES;
				CLANG_ENABLE_OBJC_WEAK = YES;
				CLANG_WARN_BLOCK_CAPTURE_AUTORELEASING = YES;
				CLANG_WARN_BOOL_CONVERSION = YES;
				CLANG_WARN_COMMA = YES;
				CLANG_WARN_CONSTANT_CONVERSION = YES;
				CLANG_WARN_DEPRECATED_OBJC_IMPLEMENTATIONS = YES;
				CLANG_WARN_DIRECT_OBJC_ISA_USAGE = YES_ERROR;
				CLANG_WARN_DOCUMENTATION_COMMENTS = YES;
				CLANG_WARN_EMPTY_BODY = YES;
				CLANG_WARN_ENUM_CONVERSION = YES;
				CLANG_WARN_INFINITE_RECURSION = YES;
				CLANG_WARN_INT_CONVERSION = YES;
				CLANG_WARN_NON_LITERAL_NULL_CONVERSION = YES;
				CLANG_WARN_OBJC_IMPLICIT_RETAIN_SELF = YES;
				CLANG_WARN_OBJC_LITERAL_CONVERSION = YES;
				CLANG_WARN_OBJC_ROOT_CLASS = YES_ERROR;
				CLANG_WARN_QUOTED_INCLUDE_IN_FRAMEWORK_HEADER = YES;
				CLANG_WARN_RANGE_LOOP_ANALYSIS = YES;
				CLANG_WARN_STRICT_PROTOTYPES = YES;
				CLANG_WARN_SUSPICIOUS_MOVE = YES;
				CLANG_WARN_UNGUARDED_AVAILABILITY = YES_AGGRESSIVE;
				CLANG_WARN_UNREACHABLE_CODE = YES;
				CLANG_WARN__DUPLICATE_METHOD_MATCH = YES;
				COPY_PHASE_STRIP = NO;
				DEBUG_INFORMATION_FORMAT = dwarf;
				ENABLE_STRICT_OBJC_MSGSEND = YES;
				ENABLE_TESTABILITY = YES;
				ENABLE_USER_SCRIPT_SANDBOXING = YES;
				GCC_C_LANGUAGE_STANDARD = gnu17;
				GCC_DYNAMIC_NO_PIC = NO;
				GCC_NO_COMMON_BLOCKS = YES;
				GCC_OPTIMIZATION_LEVEL = 0;
				GCC_PREPROCESSOR_DEFINITIONS = (
					"DEBUG=1",
					"$(inherited)",
				);
				GCC_WARN_64_TO_32_BIT_CONVERSION = YES;
				GCC_WARN_ABOUT_RETURN_TYPE = YES_ERROR;
				GCC_WARN_UNDECLARED_SELECTOR = YES;
				GCC_WARN_UNINITIALIZED_AUTOS = YES_AGGRESSIVE;
				GCC_WARN_UNUSED_FUNCTION = YES;
				GCC_WARN_UNUSED_VARIABLE = YES;
				LOCALIZATION_PREFERS_STRING_CATALOGS = YES;
				MTL_ENABLE_DEBUG_INFO = INCLUDE_SOURCE;
				MTL_FAST_MATH = YES;
				ONLY_ACTIVE_ARCH = YES;
				SWIFT_ACTIVE_COMPILATION_CONDITIONS = "DEBUG $(inherited)";
				SWIFT_OPTIMIZATION_LEVEL = "-Onone";
			};
			name = Debug;
		};
		D9AB726E2AE3AC1300236FED /* Release */ = {
			isa = XCBuildConfiguration;
			buildSettings = {
				ALWAYS_SEARCH_USER_PATHS = NO;
				ASSETCATALOG_COMPILER_GENERATE_SWIFT_ASSET_SYMBOL_EXTENSIONS = YES;
				CLANG_ANALYZER_NONNULL = YES;
				CLANG_ANALYZER_NUMBER_OBJECT_CONVERSION = YES_AGGRESSIVE;
				CLANG_CXX_LANGUAGE_STANDARD = "gnu++20";
				CLANG_ENABLE_MODULES = YES;
				CLANG_ENABLE_OBJC_ARC = YES;
				CLANG_ENABLE_OBJC_WEAK = YES;
				CLANG_WARN_BLOCK_CAPTURE_AUTORELEASING = YES;
				CLANG_WARN_BOOL_CONVERSION = YES;
				CLANG_WARN_COMMA = YES;
				CLANG_WARN_CONSTANT_CONVERSION = YES;
				CLANG_WARN_DEPRECATED_OBJC_IMPLEMENTATIONS = YES;
				CLANG_WARN_DIRECT_OBJC_ISA_USAGE = YES_ERROR;
				CLANG_WARN_DOCUMENTATION_COMMENTS = YES;
				CLANG_WARN_EMPTY_BODY = YES;
				CLANG_WARN_ENUM_CONVERSION = YES;
				CLANG_WARN_INFINITE_RECURSION = YES;
				CLANG_WARN_INT_CONVERSION = YES;
				CLANG_WARN_NON_LITERAL_NULL_CONVERSION = YES;
				CLANG_WARN_OBJC_IMPLICIT_RETAIN_SELF = YES;
				CLANG_WARN_OBJC_LITERAL_CONVERSION = YES;
				CLANG_WARN_OBJC_ROOT_CLASS = YES_ERROR;
				CLANG_WARN_QUOTED_INCLUDE_IN_FRAMEWORK_HEADER = YES;
				CLANG_WARN_RANGE_LOOP_ANALYSIS = YES;
				CLANG_WARN_STRICT_PROTOTYPES = YES;
				CLANG_WARN_SUSPICIOUS_MOVE = YES;
				CLANG_WARN_UNGUARDED_AVAILABILITY = YES_AGGRESSIVE;
				CLANG_WARN_UNREACHABLE_CODE = YES;
				CLANG_WARN__DUPLICATE_METHOD_MATCH = YES;
				COPY_PHASE_STRIP = NO;
				DEBUG_INFORMATION_FORMAT = "dwarf-with-dsym";
				ENABLE_NS_ASSERTIONS = NO;
				ENABLE_STRICT_OBJC_MSGSEND = YES;
				ENABLE_USER_SCRIPT_SANDBOXING = YES;
				GCC_C_LANGUAGE_STANDARD = gnu17;
				GCC_NO_COMMON_BLOCKS = YES;
				GCC_WARN_64_TO_32_BIT_CONVERSION = YES;
				GCC_WARN_ABOUT_RETURN_TYPE = YES_ERROR;
				GCC_WARN_UNDECLARED_SELECTOR = YES;
				GCC_WARN_UNINITIALIZED_AUTOS = YES_AGGRESSIVE;
				GCC_WARN_UNUSED_FUNCTION = YES;
				GCC_WARN_UNUSED_VARIABLE = YES;
				LOCALIZATION_PREFERS_STRING_CATALOGS = YES;
				MTL_ENABLE_DEBUG_INFO = NO;
				MTL_FAST_MATH = YES;
				SWIFT_COMPILATION_MODE = wholemodule;
			};
			name = Release;
		};
		D9AB72702AE3AC1300236FED /* Debug */ = {
			isa = XCBuildConfiguration;
			buildSettings = {
				ASSETCATALOG_COMPILER_APPICON_NAME = AppIcon;
				ASSETCATALOG_COMPILER_GLOBAL_ACCENT_COLOR_NAME = AccentColor;
				CODE_SIGN_STYLE = Automatic;
				CURRENT_PROJECT_VERSION = 1;
				DEVELOPMENT_ASSET_PATHS = "\"AI-Sentinel Watch App/Preview Content\"";
				DEVELOPMENT_TEAM = 3397DJ29GC;
				ENABLE_PREVIEWS = YES;
				GENERATE_INFOPLIST_FILE = YES;
				INFOPLIST_KEY_CFBundleDisplayName = "AI-Sentinel";
				INFOPLIST_KEY_UISupportedInterfaceOrientations = "UIInterfaceOrientationPortrait UIInterfaceOrientationPortraitUpsideDown";
				INFOPLIST_KEY_WKCompanionAppBundleIdentifier = "MohamedBadir.AI-Sentinel";
				INFOPLIST_KEY_WKRunsIndependentlyOfCompanionApp = YES;
				LD_RUNPATH_SEARCH_PATHS = (
					"$(inherited)",
					"@executable_path/Frameworks",
				);
				MARKETING_VERSION = 1.0;
				PRODUCT_BUNDLE_IDENTIFIER = "MohamedBadir.AI-Sentinel.watchkitapp";
				PRODUCT_NAME = "$(TARGET_NAME)";
				SDKROOT = watchos;
				SKIP_INSTALL = YES;
				SWIFT_EMIT_LOC_STRINGS = YES;
				SWIFT_VERSION = 5.0;
				TARGETED_DEVICE_FAMILY = 4;
				WATCHOS_DEPLOYMENT_TARGET = 10.1;
			};
			name = Debug;
		};
		D9AB72712AE3AC1300236FED /* Release */ = {
			isa = XCBuildConfiguration;
			buildSettings = {
				ASSETCATALOG_COMPILER_APPICON_NAME = AppIcon;
				ASSETCATALOG_COMPILER_GLOBAL_ACCENT_COLOR_NAME = AccentColor;
				CODE_SIGN_STYLE = Automatic;
				CURRENT_PROJECT_VERSION = 1;
				DEVELOPMENT_ASSET_PATHS = "\"AI-Sentinel Watch App/Preview Content\"";
				DEVELOPMENT_TEAM = 3397DJ29GC;
				ENABLE_PREVIEWS = YES;
				GENERATE_INFOPLIST_FILE = YES;
				INFOPLIST_KEY_CFBundleDisplayName = "AI-Sentinel";
				INFOPLIST_KEY_UISupportedInterfaceOrientations = "UIInterfaceOrientationPortrait UIInterfaceOrientationPortraitUpsideDown";
				INFOPLIST_KEY_WKCompanionAppBundleIdentifier = "MohamedBadir.AI-Sentinel";
				INFOPLIST_KEY_WKRunsIndependentlyOfCompanionApp = YES;
				LD_RUNPATH_SEARCH_PATHS = (
					"$(inherited)",
					"@executable_path/Frameworks",
				);
				MARKETING_VERSION = 1.0;
				PRODUCT_BUNDLE_IDENTIFIER = "MohamedBadir.AI-Sentinel.watchkitapp";
				PRODUCT_NAME = "$(TARGET_NAME)";
				SDKROOT = watchos;
				SKIP_INSTALL = YES;
				SWIFT_EMIT_LOC_STRINGS = YES;
				SWIFT_VERSION = 5.0;
				TARGETED_DEVICE_FAMILY = 4;
				VALIDATE_PRODUCT = YES;
				WATCHOS_DEPLOYMENT_TARGET = 10.1;
			};
			name = Release;
		};
		D9AB72742AE3AC1300236FED /* Debug */ = {
			isa = XCBuildConfiguration;
			buildSettings = {
				ALWAYS_EMBED_SWIFT_STANDARD_LIBRARIES = YES;
				ASSETCATALOG_COMPILER_APPICON_NAME = AppIcon;
				ASSETCATALOG_COMPILER_GLOBAL_ACCENT_COLOR_NAME = AccentColor;
				CODE_SIGN_STYLE = Automatic;
				CURRENT_PROJECT_VERSION = 1;
				DEVELOPMENT_ASSET_PATHS = "\"AI-Sentinel/Preview Content\"";
				DEVELOPMENT_TEAM = 3397DJ29GC;
				ENABLE_PREVIEWS = YES;
				GENERATE_INFOPLIST_FILE = YES;
				INFOPLIST_KEY_CFBundleDisplayName = "AI-Sentinel";
				INFOPLIST_KEY_UIApplicationSceneManifest_Generation = YES;
				INFOPLIST_KEY_UIApplicationSupportsIndirectInputEvents = YES;
				INFOPLIST_KEY_UILaunchScreen_Generation = YES;
				INFOPLIST_KEY_UISupportedInterfaceOrientations_iPad = "UIInterfaceOrientationPortrait UIInterfaceOrientationPortraitUpsideDown UIInterfaceOrientationLandscapeLeft UIInterfaceOrientationLandscapeRight";
				INFOPLIST_KEY_UISupportedInterfaceOrientations_iPhone = "UIInterfaceOrientationPortrait UIInterfaceOrientationLandscapeLeft UIInterfaceOrientationLandscapeRight";
				IPHONEOS_DEPLOYMENT_TARGET = 17.0;
				LD_RUNPATH_SEARCH_PATHS = (
					"$(inherited)",
					"@executable_path/Frameworks",
				);
				MARKETING_VERSION = 1.0;
				PRODUCT_BUNDLE_IDENTIFIER = "MohamedBadir.AI-Sentinel";
				PRODUCT_NAME = "$(TARGET_NAME)";
				SDKROOT = iphoneos;
				SWIFT_EMIT_LOC_STRINGS = YES;
				SWIFT_VERSION = 5.0;
				TARGETED_DEVICE_FAMILY = "1,2";
			};
			name = Debug;
		};
		D9AB72752AE3AC1300236FED /* Release */ = {
			isa = XCBuildConfiguration;
			buildSettings = {
				ALWAYS_EMBED_SWIFT_STANDARD_LIBRARIES = YES;
				ASSETCATALOG_COMPILER_APPICON_NAME = AppIcon;
				ASSETCATALOG_COMPILER_GLOBAL_ACCENT_COLOR_NAME = AccentColor;
				CODE_SIGN_STYLE = Automatic;
				CURRENT_PROJECT_VERSION = 1;
				DEVELOPMENT_ASSET_PATHS = "\"AI-Sentinel/Preview Content\"";
				DEVELOPMENT_TEAM = 3397DJ29GC;
				ENABLE_PREVIEWS = YES;
				GENERATE_INFOPLIST_FILE = YES;
				INFOPLIST_KEY_CFBundleDisplayName = "AI-Sentinel";
				INFOPLIST_KEY_UIApplicationSceneManifest_Generation = YES;
				INFOPLIST_KEY_UIApplicationSupportsIndirectInputEvents = YES;
				INFOPLIST_KEY_UILaunchScreen_Generation = YES;
				INFOPLIST_KEY_UISupportedInterfaceOrientations_iPad = "UIInterfaceOrientationPortrait UIInterfaceOrientationPortraitUpsideDown UIInterfaceOrientationLandscapeLeft UIInterfaceOrientationLandscapeRight";
				INFOPLIST_KEY_UISupportedInterfaceOrientations_iPhone = "UIInterfaceOrientationPortrait UIInterfaceOrientationLandscapeLeft UIInterfaceOrientationLandscapeRight";
				IPHONEOS_DEPLOYMENT_TARGET = 17.0;
				LD_RUNPATH_SEARCH_PATHS = (
					"$(inherited)",
					"@executable_path/Frameworks",
				);
				MARKETING_VERSION = 1.0;
				PRODUCT_BUNDLE_IDENTIFIER = "MohamedBadir.AI-Sentinel";
				PRODUCT_NAME = "$(TARGET_NAME)";
				SDKROOT = iphoneos;
				SWIFT_EMIT_LOC_STRINGS = YES;
				SWIFT_VERSION = 5.0;
				TARGETED_DEVICE_FAMILY = "1,2";
				VALIDATE_PRODUCT = YES;
			};
			name = Release;
		};
/* End XCBuildConfiguration section */

/* Begin XCConfigurationList section */
		D9AB724A2AE3AC1000236FED /* Build configuration list for PBXProject "AI-Sentinel" */ = {
			isa = XCConfigurationList;
			buildConfigurations = (
				D9AB726D2AE3AC1300236FED /* Debug */,
				D9AB726E2AE3AC1300236FED /* Release */,
			);
			defaultConfigurationIsVisible = 0;
			defaultConfigurationName = Release;
		};
		D9AB726F2AE3AC1300236FED /* Build configuration list for PBXNativeTarget "AI-Sentinel Watch App" */ = {
			isa = XCConfigurationList;
			buildConfigurations = (
				D9AB72702AE3AC1300236FED /* Debug */,
				D9AB72712AE3AC1300236FED /* Release */,
			);
			defaultConfigurationIsVisible = 0;
			defaultConfigurationName = Release;
		};
		D9AB72732AE3AC1300236FED /* Build configuration list for PBXNativeTarget "AI-Sentinel" */ = {
			isa = XCConfigurationList;
			buildConfigurations = (
				D9AB72742AE3AC1300236FED /* Debug */,
				D9AB72752AE3AC1300236FED /* Release */,
			);
			defaultConfigurationIsVisible = 0;
			defaultConfigurationName = Release;
		};
/* End XCConfigurationList section */
	};
	rootObject = D9AB72472AE3AC1000236FED /* Project object */;
}
